Microsoft Visual Studio Solution File, Format Version 12.00
# Visual Studio Version 17
VisualStudioVersion = 17.5.2.0
MinimumVisualStudioVersion = 10.0.40219.1
Project("{FAE04EC0-301F-11D3-BF4B-00C04F79EFBC}") = "playlist-converter.API", "playlist-converter.API.csproj", "{BAD7484A-D113-02FA-C8E3-3016B6FB43C1}"
EndProject
Global
	GlobalSection(SolutionConfigurationPlatforms) = preSolution
		Debug|Any CPU = Debug|Any CPU
		Release|Any CPU = Release|Any CPU
	EndGlobalSection
	GlobalSection(ProjectConfigurationPlatforms) = postSolution
		{BAD7484A-D113-02FA-C8E3-3016B6FB43C1}.Debug|Any CPU.ActiveCfg = Debug|Any CPU
		{BAD7484A-D113-02FA-C8E3-3016B6FB43C1}.Debug|Any CPU.Build.0 = Debug|Any CPU
		{BAD7484A-D113-02FA-C8E3-3016B6FB43C1}.Release|Any CPU.ActiveCfg = Release|Any CPU
		{BAD7484A-D113-02FA-C8E3-3016B6FB43C1}.Release|Any CPU.Build.0 = Release|Any CPU
	EndGlobalSection
	GlobalSection(SolutionProperties) = preSolution
		HideSolutionNode = FALSE
	EndGlobalSection
	GlobalSection(ExtensibilityGlobals) = postSolution
		SolutionGuid = {C212AA64-2DC2-4791-ADF6-3C6A54DFC6F8}
	EndGlobalSection
EndGlobal
